lockfileVersion: '9.0'

settings:
  autoInstallPeers: true
  excludeLinksFromLockfile: false

importers:

  .:
    dependencies:
      '@base-ui/react':
        specifier: ^1.6.0
        version: 1.6.0(react-dom@19.2.7(react@19.2.7))(react@19.2.7)
      lucide-react:
        specifier: ^1.24.0
        version: 1.24.0(react@19.2.7)

packages:

  '@babel/runtime@7.29.7':
    resolution: {integrity: sha512-Nq8OhGWiZIZGV6hLHoyAKLLcJihP/xFeBMGJoUrxTX2psI8dCifzLhZISFb+VWS3wFMRDmCGw5R+dOySCqPLhw==}
    engines: {node: '>=6.9.0'}

  '@base-ui/react@1.6.0':
    resolution: {integrity: sha512-/jzjTWJYXhRFO45Bev9lc3cHbmjzCMpUqbMZ2AgKy/z25mY9B6shGSNcXcjQar9n5doM0KYW1W8fcFv2jZBuMw==}
    engines: {node: '>=14.0.0'}
    peerDependencies:
      '@date-fns/tz': ^1.2.0
      '@types/react': ^17 || ^18 || ^19
      date-fns: ^4.0.0
      react: ^17 || ^18 || ^19
      react-dom: ^17 || ^18 || ^19
    peerDependenciesMeta:
      '@date-fns/tz':
        optional: true
      '@types/react':
        optional: true
      date-fns:
        optional: true

  '@base-ui/utils@0.3.1':
    resolution: {integrity: sha512-gFFiltORVmW/N6IILTGxizP3PBpVpysqML1ALY5Vk0mH+7faVkCknOU31goYHN5Aoek2dkjxva1XOD2Ce9WuIg==}
    peerDependencies:
      '@types/react': ^17 || ^18 || ^19
      react: ^17 || ^18 || ^19
      react-dom: ^17 || ^18 || ^19
    peerDependenciesMeta:
      '@types/react':
        optional: true

  '@floating-ui/core@1.8.0':
    resolution: {integrity: sha512-0CIZ5itps/8x7BG8dEIhs53BvCUH2PCoogtakwRTut+Arm58sJooJ0AuZhLw2HJYIR5cMLNPBSS728sPho2khQ==}

  '@floating-ui/dom@1.8.0':
    resolution: {integrity: sha512-yXSrzeHZBTZadLOlfyhCkJHNeLJnHRnRInwdZ40L7ZiaAtrBwoYlsDrX3v5zB1Utk7CLfzcOVnVVWoXEky7Ceg==}

  '@floating-ui/react-dom@2.1.9':
    resolution: {integrity: sha512-JDjEFGCpImxDCA7JJKviA0M9+RtmJdj0m/NVU5IMgBK+AmZouAQQ7/+2GLH0GXXY0YMw9oXPB8hKdbPYg5QLYg==}
    peerDependencies:
      react: '>=16.8.0'
      react-dom: '>=16.8.0'

  '@floating-ui/utils@0.2.12':
    resolution: {integrity: sha512-HpCo8tmWzLVad5s2d19EhAz5zqrrQ6s69qd6moPMQvkOuSwDT1YgRfWSVuc4ennqrgv3OHppiOGMQ7oC13yIww==}

  lucide-react@1.24.0:
    resolution: {integrity: sha512-YT6mBD8lGKkg4nM39enlm94/sfJIiW0YKUT60fBy4YK8tai31ylg1VhGNWxkpSKHo9UagfnZqwIff3HTDQwXeA==}
    peerDependencies:
      react: ^16.5.1 || ^17.0.0 || ^18.0.0 || ^19.0.0

  react-dom@19.2.7:
    resolution: {integrity: sha512-t0BRVXvbiE/o20Hfw669rLbMCDWtYZLvmJigy2f0MxsXF+71pxhR3xOkspmsO8h3ZlNzyibAmtCa3l4lYKk6gQ==}
    peerDependencies:
      react: ^19.2.7

  react@19.2.7:
    resolution: {integrity: sha512-HNe9WslTbXmFK8o8cmwgAeJFSBvt1bPdHCVKtaaV+WlAN36mpT4hcRpwbf3fY56ar2oIXzsBpOAiIRHAdY0OlQ==}
    engines: {node: '>=0.10.0'}

  reselect@5.2.0:
    resolution: {integrity: sha512-AgZ3UOZm3YndfrJ4OYjgrT7bmCm/1iqkjvEfH/oYjzh6PD2qw4QuT3jjnXIrpdt4MTpMXclMT3lXbmRY+XRakw==}

  scheduler@0.27.0:
    resolution: {integrity: sha512-eNv+WrVbKu1f3vbYJT/xtiF5syA5HPIMtf9IgY/nKg0sWqzAUEvqY/xm7OcZc/qafLx/iO9FgOmeSAp4v5ti/Q==}

  use-sync-external-store@1.6.0:
    resolution: {integrity: sha512-Pp6GSwGP/NrPIrxVFAIkOQeyw8lFenOHijQWkUTrDvrF4ALqylP2C/KCkeS9dpUM3KvYRQhna5vt7IL95+ZQ9w==}
    peerDependencies:
      react: ^16.8.0 || ^17.0.0 || ^18.0.0 || ^19.0.0

snapshots:

  '@babel/runtime@7.29.7': {}

  '@base-ui/react@1.6.0(react-dom@19.2.7(react@19.2.7))(react@19.2.7)':
    dependencies:
      '@babel/runtime': 7.29.7
      '@base-ui/utils': 0.3.1(react-dom@19.2.7(react@19.2.7))(react@19.2.7)
      '@floating-ui/react-dom': 2.1.9(react-dom@19.2.7(react@19.2.7))(react@19.2.7)
      '@floating-ui/utils': 0.2.12
      react: 19.2.7
      react-dom: 19.2.7(react@19.2.7)
      use-sync-external-store: 1.6.0(react@19.2.7)

  '@base-ui/utils@0.3.1(react-dom@19.2.7(react@19.2.7))(react@19.2.7)':
    dependencies:
      '@babel/runtime': 7.29.7
      '@floating-ui/utils': 0.2.12
      react: 19.2.7
      react-dom: 19.2.7(react@19.2.7)
      reselect: 5.2.0
      use-sync-external-store: 1.6.0(react@19.2.7)

  '@floating-ui/core@1.8.0':
    dependencies:
      '@floating-ui/utils': 0.2.12

  '@floating-ui/dom@1.8.0':
    dependencies:
      '@floating-ui/core': 1.8.0
      '@floating-ui/utils': 0.2.12

  '@floating-ui/react-dom@2.1.9(react-dom@19.2.7(react@19.2.7))(react@19.2.7)':
    dependencies:
      '@floating-ui/dom': 1.8.0
      react: 19.2.7
      react-dom: 19.2.7(react@19.2.7)

  '@floating-ui/utils@0.2.12': {}

  lucide-react@1.24.0(react@19.2.7):
    dependencies:
      react: 19.2.7

  react-dom@19.2.7(react@19.2.7):
    dependencies:
      react: 19.2.7
      scheduler: 0.27.0

  react@19.2.7: {}

  reselect@5.2.0: {}

  scheduler@0.27.0: {}

  use-sync-external-store@1.6.0(react@19.2.7):
    dependencies:
      react: 19.2.7
